
Microsoft Visual Studio Solution File, Format Version 12.00
# Visual Studio Version 16
VisualStudioVersion = 16.0.30406.217
MinimumVisualStudioVersion = 10.0.40219.1
Project("{FAE04EC0-301F-11D3-BF4B-00C04F79EFBC}") = "ConsoleCarros", "ConsoleCarros\ConsoleCarros.csproj", "{95158763-FACD-408C-8755-230CB577FE2C}"
EndProject
Global
	GlobalSection(SolutionConfigurationPlatforms) = preSolution
		Debug|Any CPU = Debug|Any CPU
		Release|Any CPU = Release|Any CPU
	EndGlobalSection
	GlobalSection(ProjectConfigurationPlatforms) = postSolution
		{95158763-FACD-408C-8755-230CB577FE2C}.Debug|Any CPU.ActiveCfg = Debug|Any CPU
		{95158763-FACD-408C-8755-230CB577FE2C}.Debug|Any CPU.Build.0 = Debug|Any CPU
		{95158763-FACD-408C-8755-230CB577FE2C}.Release|Any CPU.ActiveCfg = Release|Any CPU
		{95158763-FACD-408C-8755-230CB577FE2C}.Release|Any CPU.Build.0 = Release|Any CPU
	EndGlobalSection
	GlobalSection(SolutionProperties) = preSolution
		HideSolutionNode = FALSE
	EndGlobalSection
	GlobalSection(ExtensibilityGlobals) = postSolution
		SolutionGuid = {8727878A-E6A5-4BC2-87CE-6F0A6F190396}
	EndGlobalSection
EndGlobal
